// !$*UTF8*$!
{
	archiveVersion = 1;
	classes = {
	};
	objectVersion = 46;
	objects = {

/* Begin PBXBuildFile section */
		5F9A6EA41A416E11001059CE /* AppDelegate.m in Sources */ = {isa = PBXBuildFile; fileRef = 5F9A6EA31A416E11001059CE /* AppDelegate.m */; };
		5F9A6EA61A416E11001059CE /* main.m in Sources */ = {isa = PBXBuildFile; fileRef = 5F9A6EA51A416E11001059CE /* main.m */; };
		5F9A6EA91A416E12001059CE /* ViewController.m in Sources */ = {isa = PBXBuildFile; fileRef = 5F9A6EA81A416E12001059CE /* ViewController.m */; };
		5F9A6EAB1A416E12001059CE /* Images.xcassets in Resources */ = {isa = PBXBuildFile; fileRef = 5F9A6EAA1A416E12001059CE /* Images.xcassets */; };
		5F9A6EAE1A416E12001059CE /* Main.storyboard in Resources */ = {isa = PBXBuildFile; fileRef = 5F9A6EAC1A416E12001059CE /* Main.storyboard */; };
		5F9A6EBA1A416E12001059CE /* RandomTests.m in Sources */ = {isa = PBXBuildFile; fileRef = 5F9A6EB91A416E12001059CE /* RandomTests.m */; };
/* End PBXBuildFile section */

/* Begin PBXContainerItemProxy section */
		5F9A6EB41A416E12001059CE /* PBXContainerItemProxy */ = {
			isa = PBXContainerItemProxy;
			containerPortal = 5F9A6E951A416E11001059CE /* Project object */;
			proxyType = 1;
			remoteGlobalIDString = 5F9A6E9C1A416E11001059CE;
			remoteInfo = Random;
		};
/* End PBXContainerItemProxy section */

/* Begin PBXFileReference section */
		5F9A6E9D1A416E11001059CE /* Random.app */ = {isa = PBXFileReference; explicitFileType = wrapper.application; includeInIndex = 0; path = Random.app; sourceTree = BUILT_PRODUCTS_DIR; };
		5F9A6EA11A416E11001059CE /* Info.plist */ = {isa = PBXFileReference; lastKnownFileType = text.plist.xml; path = Info.plist; sourceTree = "<group>"; };
		5F9A6EA21A416E11001059CE /* AppDelegate.h */ = {isa = PBXFileReference; lastKnownFileType = sourcecode.c.h; path = AppDelegate.h; sourceTree = "<group>"; };
		5F9A6EA31A416E11001059CE /* AppDelegate.m */ = {isa = PBXFileReference; lastKnownFileType = sourcecode.c.objc; path = AppDelegate.m; sourceTree = "<group>"; };
		5F9A6EA51A416E11001059CE /* main.m */ = {isa = PBXFileReference; lastKnownFileType = sourcecode.c.objc; path = main.m; sourceTree = "<group>"; };
		5F9A6EA71A416E11001059CE /* ViewController.h */ = {isa = PBXFileReference; lastKnownFileType = sourcecode.c.h; path = ViewController.h; sourceTree = "<group>"; };
		5F9A6EA81A416E12001059CE /* ViewController.m */ = {isa = PBXFileReference; lastKnownFileType = sourcecode.c.objc; path = ViewController.m; sourceTree = "<group>"; };
		5F9A6EAA1A416E12001059CE /* Images.xcassets */ = {isa = PBXFileReference; lastKnownFileType = folder.assetcatalog; path = Images.xcassets; sourceTree = "<group>"; };
		5F9A6EAD1A416E12001059CE /* Base */ = {isa = PBXFileReference; lastKnownFileType = file.storyboard; name = Base; path = Base.lproj/Main.storyboard; sourceTree = "<group>"; };
		5F9A6EB31A416E12001059CE /* RandomTests.xctest */ = {isa = PBXFileReference; explicitFileType = wrapper.cfbundle; includeInIndex = 0; path = RandomTests.xctest; sourceTree = BUILT_PRODUCTS_DIR; };
		5F9A6EB81A416E12001059CE /* Info.plist */ = {isa = PBXFileReference; lastKnownFileType = text.plist.xml; path = Info.plist; sourceTree = "<group>"; };
		5F9A6EB91A416E12001059CE /* RandomTests.m */ = {isa = PBXFileReference; lastKnownFileType = sourcecode.c.objc; path = RandomTests.m; sourceTree = "<group>"; };
/* End PBXFileReference section */

/* Begin PBXFrameworksBuildPhase section */
		5F9A6E9A1A416E11001059CE /* Frameworks */ = {
			isa = PBXFrameworksBuildPhase;
			buildActionMask = 2147483647;
			files = (
			);
			runOnlyForDeploymentPostprocessing = 0;
		};
		5F9A6EB01A416E12001059CE /* Frameworks */ = {
			isa = PBXFrameworksBuildPhase;
			buildActionMask = 2147483647;
			files = (
			);
			runOnlyForDeploymentPostprocessing = 0;
		};
/* End PBXFrameworksBuildPhase section */

/* Begin PBXGroup section */
		5F9A6E941A416E11001059CE = {
			isa = PBXGroup;
			children = (
				5F9A6E9F1A416E11001059CE /* Random */,
				5F9A6EB61A416E12001059CE /* RandomTests */,
				5F9A6E9E1A416E11001059CE /* Products */,
			);
			sourceTree = "<group>";
		};
		5F9A6E9E1A416E11001059CE /* Products */ = {
			isa = PBXGroup;
			children = (
				5F9A6E9D1A416E11001059CE /* Random.app */,
				5F9A6EB31A416E12001059CE /* RandomTests.xctest */,
			);
			name = Products;
			sourceTree = "<group>";
		};
		5F9A6E9F1A416E11001059CE /* Random */ = {
			isa = PBXGroup;
			children = (
				5F9A6EA21A416E11001059CE /* AppDelegate.h */,
				5F9A6EA31A416E11001059CE /* AppDelegate.m */,
				5F9A6EA71A416E11001059CE /* ViewController.h */,
				5F9A6EA81A416E12001059CE /* ViewController.m */,
				5F9A6EAA1A416E12001059CE /* Images.xcassets */,
				5F9A6EAC1A416E12001059CE /* Main.storyboard */,
				5F9A6EA01A416E11001059CE /* Supporting Files */,
			);
			path = Random;
			sourceTree = "<group>";
		};
		5F9A6EA01A416E11001059CE /* Supporting Files */ = {
			isa = PBXGroup;
			children = (
				5F9A6EA11A416E11001059CE /* Info.plist */,
				5F9A6EA51A416E11001059CE /* main.m */,
			);
			name = "Supporting Files";
			sourceTree = "<group>";
		};
		5F9A6EB61A416E12001059CE /* RandomTests */ = {
			isa = PBXGroup;
			children = (
				5F9A6EB91A416E12001059CE /* RandomTests.m */,
				5F9A6EB71A416E12001059CE /* Supporting Files */,
			);
			path = RandomTests;
			sourceTree = "<group>";
		};
		5F9A6EB71A416E12001059CE /* Supporting Files */ = {
			isa = PBXGroup;
			children = (
				5F9A6EB81A416E12001059CE /* Info.plist */,
			);
			name = "Supporting Files";
			sourceTree = "<group>";
		};
/* End PBXGroup section */

/* Begin PBXNativeTarget section */
		5F9A6E9C1A416E11001059CE /* Random */ = {
			isa = PBXNativeTarget;
			buildConfigurationList = 5F9A6EBD1A416E12001059CE /* Build configuration list for PBXNativeTarget "Random" */;
			buildPhases = (
				5F9A6E991A416E11001059CE /* Sources */,
				5F9A6E9A1A416E11001059CE /* Frameworks */,
				5F9A6E9B1A416E11001059CE /* Resources */,
			);
			buildRules = (
			);
			dependencies = (
			);
			name = Random;
			productName = Random;
			productReference = 5F9A6E9D1A416E11001059CE /* Random.app */;
			productType = "com.apple.product-type.application";
		};
		5F9A6EB21A416E12001059CE /* RandomTests */ = {
			isa = PBXNativeTarget;
			buildConfigurationList = 5F9A6EC01A416E12001059CE /* Build configuration list for PBXNativeTarget "RandomTests" */;
			buildPhases = (
				5F9A6EAF1A416E12001059CE /* Sources */,
				5F9A6EB01A416E12001059CE /* Frameworks */,
				5F9A6EB11A416E12001059CE /* Resources */,
			);
			buildRules = (
			);
			dependencies = (
				5F9A6EB51A416E12001059CE /* PBXTargetDependency */,
			);
			name = RandomTests;
			productName = RandomTests;
			productReference = 5F9A6EB31A416E12001059CE /* RandomTests.xctest */;
			productType = "com.apple.product-type.bundle.unit-test";
		};
/* End PBXNativeTarget section */

/* Begin PBXProject section */
		5F9A6E951A416E11001059CE /* Project object */ = {
			isa = PBXProject;
			attributes = {
				CLASSPREFIX = "";
				LastUpgradeCheck = 0610;
				ORGANIZATIONNAME = Sivasoft;
				TargetAttributes = {
					5F9A6E9C1A416E11001059CE = {
						CreatedOnToolsVersion = 6.1.1;
					};
					5F9A6EB21A416E12001059CE = {
						CreatedOnToolsVersion = 6.1.1;
						TestTargetID = 5F9A6E9C1A416E11001059CE;
					};
				};
			};
			buildConfigurationList = 5F9A6E981A416E11001059CE /* Build configuration list for PBXProject "Random" */;
			compatibilityVersion = "Xcode 3.2";
			developmentRegion = English;
			hasScannedForEncodings = 0;
			knownRegions = (
				en,
				Base,
			);
			mainGroup = 5F9A6E941A416E11001059CE;
			productRefGroup = 5F9A6E9E1A416E11001059CE /* Products */;
			projectDirPath = "";
			projectRoot = "";
			targets = (
				5F9A6E9C1A416E11001059CE /* Random */,
				5F9A6EB21A416E12001059CE /* RandomTests */,
			);
		};
/* End PBXProject section */

/* Begin PBXResourcesBuildPhase section */
		5F9A6E9B1A416E11001059CE /* Resources */ = {
			isa = PBXResourcesBuildPhase;
			buildActionMask = 2147483647;
			files = (
				5F9A6EAB1A416E12001059CE /* Images.xcassets in Resources */,
				5F9A6EAE1A416E12001059CE /* Main.storyboard in Resources */,
			);
			runOnlyForDeploymentPostprocessing = 0;
		};
		5F9A6EB11A416E12001059CE /* Resources */ = {
			isa = PBXResourcesBuildPhase;
			buildActionMask = 2147483647;
			files = (
			);
			runOnlyForDeploymentPostprocessing = 0;
		};
/* End PBXResourcesBuildPhase section */

/* Begin PBXSourcesBuildPhase section */
		5F9A6E991A416E11001059CE /* Sources */ = {
			isa = PBXSourcesBuildPhase;
			buildActionMask = 2147483647;
			files = (
				5F9A6EA91A416E12001059CE /* ViewController.m in Sources */,
				5F9A6EA61A416E11001059CE /* main.m in Sources */,
				5F9A6EA41A416E11001059CE /* AppDelegate.m in Sources */,
			);
			runOnlyForDeploymentPostprocessing = 0;
		};
		5F9A6EAF1A416E12001059CE /* Sources */ = {
			isa = PBXSourcesBuildPhase;
			buildActionMask = 2147483647;
			files = (
				5F9A6EBA1A416E12001059CE /* RandomTests.m in Sources */,
			);
			runOnlyForDeploymentPostprocessing = 0;
		};
/* End PBXSourcesBuildPhase section */

/* Begin PBXTargetDependency section */
		5F9A6EB51A416E12001059CE /* PBXTargetDependency */ = {
			isa = PBXTargetDependency;
			target = 5F9A6E9C1A416E11001059CE /* Random */;
			targetProxy = 5F9A6EB41A416E12001059CE /* PBXContainerItemProxy */;
		};
/* End PBXTargetDependency section */

/* Begin PBXVariantGroup section */
		5F9A6EAC1A416E12001059CE /* Main.storyboard */ = {
			isa = PBXVariantGroup;
			children = (
				5F9A6EAD1A416E12001059CE /* Base */,
			);
			name = Main.storyboard;
			sourceTree = "<group>";
		};
/* End PBXVariantGroup section */

/* Begin XCBuildConfiguration section */
		5F9A6EBB1A416E12001059CE /* Debug */ = {
			isa = XCBuildConfiguration;
			buildSettings = {
				ALWAYS_SEARCH_USER_PATHS = NO;
				CLANG_CXX_LANGUAGE_STANDARD = "gnu++0x";
				CLANG_CXX_LIBRARY = "libc++";
				CLANG_ENABLE_MODULES = YES;
				CLANG_ENABLE_OBJC_ARC = YES;
				CLANG_WARN_BOOL_CONVERSION = YES;
				CLANG_WARN_CONSTANT_CONVERSION = YES;
				CLANG_WARN_DIRECT_OBJC_ISA_USAGE = YES_ERROR;
				CLANG_WARN_EMPTY_BODY = YES;
				CLANG_WARN_ENUM_CONVERSION = YES;
				CLANG_WARN_INT_CONVERSION = YES;
				CLANG_WARN_OBJC_ROOT_CLASS = YES_ERROR;
				CLANG_WARN_UNREACHABLE_CODE = YES;
				CLANG_WARN__DUPLICATE_METHOD_MATCH = YES;
				CODE_SIGN_IDENTITY = "-";
				COPY_PHASE_STRIP = NO;
				ENABLE_STRICT_OBJC_MSGSEND = YES;
				GCC_C_LANGUAGE_STANDARD = gnu99;
				GCC_DYNAMIC_NO_PIC = NO;
				GCC_OPTIMIZATION_LEVEL = 0;
				GCC_PREPROCESSOR_DEFINITIONS = (
					"DEBUG=1",
					"$(inherited)",
				);
				GCC_SYMBOLS_PRIVATE_EXTERN = NO;
				GCC_WARN_64_TO_32_BIT_CONVERSION = YES;
				GCC_WARN_ABOUT_RETURN_TYPE = YES_ERROR;
				GCC_WARN_UNDECLARED_SELECTOR = YES;
				GCC_WARN_UNINITIALIZED_AUTOS = YES_AGGRESSIVE;
				GCC_WARN_UNUSED_FUNCTION = YES;
				GCC_WARN_UNUSED_VARIABLE = YES;
				MACOSX_DEPLOYMENT_TARGET = 10.10;
				MTL_ENABLE_DEBUG_INFO = YES;
				ONLY_ACTIVE_ARCH = YES;
				SDKROOT = macosx;
			};
			name = Debug;
		};
		5F9A6EBC1A416E12001059CE /* Release */ = {
			isa = XCBuildConfiguration;
			buildSettings = {
				ALWAYS_SEARCH_USER_PATHS = NO;
				CLANG_CXX_LANGUAGE_STANDARD = "gnu++0x";
				CLANG_CXX_LIBRARY = "libc++";
				CLANG_ENABLE_MODULES = YES;
				CLANG_ENABLE_OBJC_ARC = YES;
				CLANG_WARN_BOOL_CONVERSION = YES;
				CLANG_WARN_CONSTANT_CONVERSION = YES;
				CLANG_WARN_DIRECT_OBJC_ISA_USAGE = YES_ERROR;
				CLANG_WARN_EMPTY_BODY = YES;
				CLANG_WARN_ENUM_CONVERSION = YES;
				CLANG_WARN_INT_CONVERSION = YES;
				CLANG_WARN_OBJC_ROOT_CLASS = YES_ERROR;
				CLANG_WARN_UNREACHABLE_CODE = YES;
				CLANG_WARN__DUPLICATE_METHOD_MATCH = YES;
				CODE_SIGN_IDENTITY = "-";
				COPY_PHASE_STRIP = YES;
				DEBUG_INFORMATION_FORMAT = "dwarf-with-dsym";
				ENABLE_NS_ASSERTIONS = NO;
				ENABLE_STRICT_OBJC_MSGSEND = YES;
				GCC_C_LANGUAGE_STANDARD = gnu99;
				GCC_WARN_64_TO_32_BIT_CONVERSION = YES;
				GCC_WARN_ABOUT_RETURN_TYPE = YES_ERROR;
				GCC_WARN_UNDECLARED_SELECTOR = YES;
				GCC_WARN_UNINITIALIZED_AUTOS = YES_AGGRESSIVE;
				GCC_WARN_UNUSED_FUNCTION = YES;
				GCC_WARN_UNUSED_VARIABLE = YES;
				MACOSX_DEPLOYMENT_TARGET = 10.10;
				MTL_ENABLE_DEBUG_INFO = NO;
				SDKROOT = macosx;
			};
			name = Release;
		};
		5F9A6EBE1A416E12001059CE /* Debug */ = {
			isa = XCBuildConfiguration;
			buildSettings = {
				ASSETCATALOG_COMPILER_APPICON_NAME = AppIcon;
				COMBINE_HIDPI_IMAGES = YES;
				INFOPLIST_FILE = Random/Info.plist;
				LD_RUNPATH_SEARCH_PATHS = "$(inherited) @executable_path/../Frameworks";
				PRODUCT_NAME = "$(TARGET_NAME)";
			};
			name = Debug;
		};
		5F9A6EBF1A416E12001059CE /* Release */ = {
			isa = XCBuildConfiguration;
			buildSettings = {
				ASSETCATALOG_COMPILER_APPICON_NAME = AppIcon;
				COMBINE_HIDPI_IMAGES = YES;
				INFOPLIST_FILE = Random/Info.plist;
				LD_RUNPATH_SEARCH_PATHS = "$(inherited) @executable_path/../Frameworks";
				PRODUCT_NAME = "$(TARGET_NAME)";
			};
			name = Release;
		};
		5F9A6EC11A416E12001059CE /* Debug */ = {
			isa = XCBuildConfiguration;
			buildSettings = {
				BUNDLE_LOADER = "$(TEST_HOST)";
				COMBINE_HIDPI_IMAGES = YES;
				FRAMEWORK_SEARCH_PATHS = (
					"$(DEVELOPER_FRAMEWORKS_DIR)",
					"$(inherited)",
				);
				GCC_PREPROCESSOR_DEFINITIONS = (
					"DEBUG=1",
					"$(inherited)",
				);
				INFOPLIST_FILE = RandomTests/Info.plist;
				LD_RUNPATH_SEARCH_PATHS = "$(inherited) @executable_path/../Frameworks @loader_path/../Frameworks";
				PRODUCT_NAME = "$(TARGET_NAME)";
				TEST_HOST = "$(BUILT_PRODUCTS_DIR)/Random.app/Contents/MacOS/Random";
			};
			name = Debug;
		};
		5F9A6EC21A416E12001059CE /* Release */ = {
			isa = XCBuildConfiguration;
			buildSettings = {
				BUNDLE_LOADER = "$(TEST_HOST)";
				COMBINE_HIDPI_IMAGES = YES;
				FRAMEWORK_SEARCH_PATHS = (
					"$(DEVELOPER_FRAMEWORKS_DIR)",
					"$(inherited)",
				);
				INFOPLIST_FILE = RandomTests/Info.plist;
				LD_RUNPATH_SEARCH_PATHS = "$(inherited) @executable_path/../Frameworks @loader_path/../Frameworks";
				PRODUCT_NAME = "$(TARGET_NAME)";
				TEST_HOST = "$(BUILT_PRODUCTS_DIR)/Random.app/Contents/MacOS/Random";
			};
			name = Release;
		};
/* End XCBuildConfiguration section */

/* Begin XCConfigurationList section */
		5F9A6E981A416E11001059CE /* Build configuration list for PBXProject "Random" */ = {
			isa = XCConfigurationList;
			buildConfigurations = (
				5F9A6EBB1A416E12001059CE /* Debug */,
				5F9A6EBC1A416E12001059CE /* Release */,
			);
			defaultConfigurationIsVisible = 0;
			defaultConfigurationName = Release;
		};
		5F9A6EBD1A416E12001059CE /* Build configuration list for PBXNativeTarget "Random" */ = {
			isa = XCConfigurationList;
			buildConfigurations = (
				5F9A6EBE1A416E12001059CE /* Debug */,
				5F9A6EBF1A416E12001059CE /* Release */,
			);
			defaultConfigurationIsVisible = 0;
		};
		5F9A6EC01A416E12001059CE /* Build configuration list for PBXNativeTarget "RandomTests" */ = {
			isa = XCConfigurationList;
			buildConfigurations = (
				5F9A6EC11A416E12001059CE /* Debug */,
				5F9A6EC21A416E12001059CE /* Release */,
			);
			defaultConfigurationIsVisible = 0;
		};
/* End XCConfigurationList section */
	};
	rootObject = 5F9A6E951A416E11001059CE /* Project object */;
}
