// !$*UTF8*$!
{
	archiveVersion = 1;
	classes = {
	};
	objectVersion = 46;
	objects = {

/* Begin PBXBuildFile section */
		5F9A6ED31A416FBF001059CE /* AppDelegate.m in Sources */ = {isa = PBXBuildFile; fileRef = 5F9A6ED21A416FBF001059CE /* AppDelegate.m */; };
		5F9A6ED51A416FBF001059CE /* main.m in Sources */ = {isa = PBXBuildFile; fileRef = 5F9A6ED41A416FBF001059CE /* main.m */; };
		5F9A6ED71A416FBF001059CE /* Images.xcassets in Resources */ = {isa = PBXBuildFile; fileRef = 5F9A6ED61A416FBF001059CE /* Images.xcassets */; };
		5F9A6EDA1A416FBF001059CE /* MainMenu.xib in Resources */ = {isa = PBXBuildFile; fileRef = 5F9A6ED81A416FBF001059CE /* MainMenu.xib */; };
		5F9A6EE61A416FBF001059CE /* RandomTests.m in Sources */ = {isa = PBXBuildFile; fileRef = 5F9A6EE51A416FBF001059CE /* RandomTests.m */; };
		5F9A6EF41A43426C001059CE /* RandomController.m in Sources */ = {isa = PBXBuildFile; fileRef = 5F9A6EF31A43426C001059CE /* RandomController.m */; };
/* End PBXBuildFile section */

/* Begin PBXContainerItemProxy section */
		5F9A6EE01A416FBF001059CE /* PBXContainerItemProxy */ = {
			isa = PBXContainerItemProxy;
			containerPortal = 5F9A6EC41A416FBF001059CE /* Project object */;
			proxyType = 1;
			remoteGlobalIDString = 5F9A6ECB1A416FBF001059CE;
			remoteInfo = Random;
		};
/* End PBXContainerItemProxy section */

/* Begin PBXFileReference section */
		5F9A6ECC1A416FBF001059CE /* Random.app */ = {isa = PBXFileReference; explicitFileType = wrapper.application; includeInIndex = 0; path = Random.app; sourceTree = BUILT_PRODUCTS_DIR; };
		5F9A6ED01A416FBF001059CE /* Info.plist */ = {isa = PBXFileReference; lastKnownFileType = text.plist.xml; path = Info.plist; sourceTree = "<group>"; };
		5F9A6ED11A416FBF001059CE /* AppDelegate.h */ = {isa = PBXFileReference; lastKnownFileType = sourcecode.c.h; path = AppDelegate.h; sourceTree = "<group>"; };
		5F9A6ED21A416FBF001059CE /* AppDelegate.m */ = {isa = PBXFileReference; lastKnownFileType = sourcecode.c.objc; path = AppDelegate.m; sourceTree = "<group>"; };
		5F9A6ED41A416FBF001059CE /* main.m */ = {isa = PBXFileReference; lastKnownFileType = sourcecode.c.objc; path = main.m; sourceTree = "<group>"; };
		5F9A6ED61A416FBF001059CE /* Images.xcassets */ = {isa = PBXFileReference; lastKnownFileType = folder.assetcatalog; path = Images.xcassets; sourceTree = "<group>"; };
		5F9A6ED91A416FBF001059CE /* Base */ = {isa = PBXFileReference; lastKnownFileType = file.xib; name = Base; path = Base.lproj/MainMenu.xib; sourceTree = "<group>"; };
		5F9A6EDF1A416FBF001059CE /* RandomTests.xctest */ = {isa = PBXFileReference; explicitFileType = wrapper.cfbundle; includeInIndex = 0; path = RandomTests.xctest; sourceTree = BUILT_PRODUCTS_DIR; };
		5F9A6EE41A416FBF001059CE /* Info.plist */ = {isa = PBXFileReference; lastKnownFileType = text.plist.xml; path = Info.plist; sourceTree = "<group>"; };
		5F9A6EE51A416FBF001059CE /* RandomTests.m */ = {isa = PBXFileReference; lastKnownFileType = sourcecode.c.objc; path = RandomTests.m; sourceTree = "<group>"; };
		5F9A6EF21A43426C001059CE /* RandomController.h */ = {isa = PBXFileReference; fileEncoding = 4; lastKnownFileType = sourcecode.c.h; path = RandomController.h; sourceTree = "<group>"; };
		5F9A6EF31A43426C001059CE /* RandomController.m */ = {isa = PBXFileReference; fileEncoding = 4; lastKnownFileType = sourcecode.c.objc; path = RandomController.m; sourceTree = "<group>"; };
/* End PBXFileReference section */

/* Begin PBXFrameworksBuildPhase section */
		5F9A6EC91A416FBF001059CE /* Frameworks */ = {
			isa = PBXFrameworksBuildPhase;
			buildActionMask = 2147483647;
			files = (
			);
			runOnlyForDeploymentPostprocessing = 0;
		};
		5F9A6EDC1A416FBF001059CE /* Frameworks */ = {
			isa = PBXFrameworksBuildPhase;
			buildActionMask = 2147483647;
			files = (
			);
			runOnlyForDeploymentPostprocessing = 0;
		};
/* End PBXFrameworksBuildPhase section */

/* Begin PBXGroup section */
		5F9A6EC31A416FBF001059CE = {
			isa = PBXGroup;
			children = (
				5F9A6ECE1A416FBF001059CE /* Random */,
				5F9A6EE21A416FBF001059CE /* RandomTests */,
				5F9A6ECD1A416FBF001059CE /* Products */,
			);
			sourceTree = "<group>";
		};
		5F9A6ECD1A416FBF001059CE /* Products */ = {
			isa = PBXGroup;
			children = (
				5F9A6ECC1A416FBF001059CE /* Random.app */,
				5F9A6EDF1A416FBF001059CE /* RandomTests.xctest */,
			);
			name = Products;
			sourceTree = "<group>";
		};
		5F9A6ECE1A416FBF001059CE /* Random */ = {
			isa = PBXGroup;
			children = (
				5F9A6ED11A416FBF001059CE /* AppDelegate.h */,
				5F9A6ED21A416FBF001059CE /* AppDelegate.m */,
				5F9A6ED61A416FBF001059CE /* Images.xcassets */,
				5F9A6ED81A416FBF001059CE /* MainMenu.xib */,
				5F9A6ECF1A416FBF001059CE /* Supporting Files */,
			);
			path = Random;
			sourceTree = "<group>";
		};
		5F9A6ECF1A416FBF001059CE /* Supporting Files */ = {
			isa = PBXGroup;
			children = (
				5F9A6ED01A416FBF001059CE /* Info.plist */,
				5F9A6ED41A416FBF001059CE /* main.m */,
				5F9A6EF21A43426C001059CE /* RandomController.h */,
				5F9A6EF31A43426C001059CE /* RandomController.m */,
			);
			name = "Supporting Files";
			sourceTree = "<group>";
		};
		5F9A6EE21A416FBF001059CE /* RandomTests */ = {
			isa = PBXGroup;
			children = (
				5F9A6EE51A416FBF001059CE /* RandomTests.m */,
				5F9A6EE31A416FBF001059CE /* Supporting Files */,
			);
			path = RandomTests;
			sourceTree = "<group>";
		};
		5F9A6EE31A416FBF001059CE /* Supporting Files */ = {
			isa = PBXGroup;
			children = (
				5F9A6EE41A416FBF001059CE /* Info.plist */,
			);
			name = "Supporting Files";
			sourceTree = "<group>";
		};
/* End PBXGroup section */

/* Begin PBXNativeTarget section */
		5F9A6ECB1A416FBF001059CE /* Random */ = {
			isa = PBXNativeTarget;
			buildConfigurationList = 5F9A6EE91A416FBF001059CE /* Build configuration list for PBXNativeTarget "Random" */;
			buildPhases = (
				5F9A6EC81A416FBF001059CE /* Sources */,
				5F9A6EC91A416FBF001059CE /* Frameworks */,
				5F9A6ECA1A416FBF001059CE /* Resources */,
			);
			buildRules = (
			);
			dependencies = (
			);
			name = Random;
			productName = Random;
			productReference = 5F9A6ECC1A416FBF001059CE /* Random.app */;
			productType = "com.apple.product-type.application";
		};
		5F9A6EDE1A416FBF001059CE /* RandomTests */ = {
			isa = PBXNativeTarget;
			buildConfigurationList = 5F9A6EEC1A416FBF001059CE /* Build configuration list for PBXNativeTarget "RandomTests" */;
			buildPhases = (
				5F9A6EDB1A416FBF001059CE /* Sources */,
				5F9A6EDC1A416FBF001059CE /* Frameworks */,
				5F9A6EDD1A416FBF001059CE /* Resources */,
			);
			buildRules = (
			);
			dependencies = (
				5F9A6EE11A416FBF001059CE /* PBXTargetDependency */,
			);
			name = RandomTests;
			productName = RandomTests;
			productReference = 5F9A6EDF1A416FBF001059CE /* RandomTests.xctest */;
			productType = "com.apple.product-type.bundle.unit-test";
		};
/* End PBXNativeTarget section */

/* Begin PBXProject section */
		5F9A6EC41A416FBF001059CE /* Project object */ = {
			isa = PBXProject;
			attributes = {
				CLASSPREFIX = Random;
				LastUpgradeCheck = 0610;
				ORGANIZATIONNAME = Sivasoft;
				TargetAttributes = {
					5F9A6ECB1A416FBF001059CE = {
						CreatedOnToolsVersion = 6.1.1;
						DevelopmentTeam = 57W7638PBS;
					};
					5F9A6EDE1A416FBF001059CE = {
						CreatedOnToolsVersion = 6.1.1;
						TestTargetID = 5F9A6ECB1A416FBF001059CE;
					};
				};
			};
			buildConfigurationList = 5F9A6EC71A416FBF001059CE /* Build configuration list for PBXProject "Random" */;
			compatibilityVersion = "Xcode 3.2";
			developmentRegion = English;
			hasScannedForEncodings = 0;
			knownRegions = (
				en,
				Base,
			);
			mainGroup = 5F9A6EC31A416FBF001059CE;
			productRefGroup = 5F9A6ECD1A416FBF001059CE /* Products */;
			projectDirPath = "";
			projectRoot = "";
			targets = (
				5F9A6ECB1A416FBF001059CE /* Random */,
				5F9A6EDE1A416FBF001059CE /* RandomTests */,
			);
		};
/* End PBXProject section */

/* Begin PBXResourcesBuildPhase section */
		5F9A6ECA1A416FBF001059CE /* Resources */ = {
			isa = PBXResourcesBuildPhase;
			buildActionMask = 2147483647;
			files = (
				5F9A6ED71A416FBF001059CE /* Images.xcassets in Resources */,
				5F9A6EDA1A416FBF001059CE /* MainMenu.xib in Resources */,
			);
			runOnlyForDeploymentPostprocessing = 0;
		};
		5F9A6EDD1A416FBF001059CE /* Resources */ = {
			isa = PBXResourcesBuildPhase;
			buildActionMask = 2147483647;
			files = (
			);
			runOnlyForDeploymentPostprocessing = 0;
		};
/* End PBXResourcesBuildPhase section */

/* Begin PBXSourcesBuildPhase section */
		5F9A6EC81A416FBF001059CE /* Sources */ = {
			isa = PBXSourcesBuildPhase;
			buildActionMask = 2147483647;
			files = (
				5F9A6EF41A43426C001059CE /* RandomController.m in Sources */,
				5F9A6ED51A416FBF001059CE /* main.m in Sources */,
				5F9A6ED31A416FBF001059CE /* AppDelegate.m in Sources */,
			);
			runOnlyForDeploymentPostprocessing = 0;
		};
		5F9A6EDB1A416FBF001059CE /* Sources */ = {
			isa = PBXSourcesBuildPhase;
			buildActionMask = 2147483647;
			files = (
				5F9A6EE61A416FBF001059CE /* RandomTests.m in Sources */,
			);
			runOnlyForDeploymentPostprocessing = 0;
		};
/* End PBXSourcesBuildPhase section */

/* Begin PBXTargetDependency section */
		5F9A6EE11A416FBF001059CE /* PBXTargetDependency */ = {
			isa = PBXTargetDependency;
			target = 5F9A6ECB1A416FBF001059CE /* Random */;
			targetProxy = 5F9A6EE01A416FBF001059CE /* PBXContainerItemProxy */;
		};
/* End PBXTargetDependency section */

/* Begin PBXVariantGroup section */
		5F9A6ED81A416FBF001059CE /* MainMenu.xib */ = {
			isa = PBXVariantGroup;
			children = (
				5F9A6ED91A416FBF001059CE /* Base */,
			);
			name = MainMenu.xib;
			sourceTree = "<group>";
		};
/* End PBXVariantGroup section */

/* Begin XCBuildConfiguration section */
		5F9A6EE71A416FBF001059CE /* Debug */ = {
			isa = XCBuildConfiguration;
			buildSettings = {
				ALWAYS_SEARCH_USER_PATHS = NO;
				CLANG_CXX_LANGUAGE_STANDARD = "gnu++0x";
				CLANG_CXX_LIBRARY = "libc++";
				CLANG_ENABLE_MODULES = YES;
				CLANG_ENABLE_OBJC_ARC = YES;
				CLANG_WARN_BOOL_CONVERSION = YES;
				CLANG_WARN_CONSTANT_CONVERSION = YES;
				CLANG_WARN_DIRECT_OBJC_ISA_USAGE = YES_ERROR;
				CLANG_WARN_EMPTY_BODY = YES;
				CLANG_WARN_ENUM_CONVERSION = YES;
				CLANG_WARN_INT_CONVERSION = YES;
				CLANG_WARN_OBJC_ROOT_CLASS = YES_ERROR;
				CLANG_WARN_UNREACHABLE_CODE = YES;
				CLANG_WARN__DUPLICATE_METHOD_MATCH = YES;
				CODE_SIGN_IDENTITY = "-";
				COPY_PHASE_STRIP = NO;
				ENABLE_STRICT_OBJC_MSGSEND = YES;
				GCC_C_LANGUAGE_STANDARD = gnu99;
				GCC_DYNAMIC_NO_PIC = NO;
				GCC_OPTIMIZATION_LEVEL = 0;
				GCC_PREPROCESSOR_DEFINITIONS = (
					"DEBUG=1",
					"$(inherited)",
				);
				GCC_SYMBOLS_PRIVATE_EXTERN = NO;
				GCC_WARN_64_TO_32_BIT_CONVERSION = YES;
				GCC_WARN_ABOUT_RETURN_TYPE = YES_ERROR;
				GCC_WARN_UNDECLARED_SELECTOR = YES;
				GCC_WARN_UNINITIALIZED_AUTOS = YES_AGGRESSIVE;
				GCC_WARN_UNUSED_FUNCTION = YES;
				GCC_WARN_UNUSED_VARIABLE = YES;
				MACOSX_DEPLOYMENT_TARGET = 10.10;
				MTL_ENABLE_DEBUG_INFO = YES;
				ONLY_ACTIVE_ARCH = YES;
				SDKROOT = macosx;
			};
			name = Debug;
		};
		5F9A6EE81A416FBF001059CE /* Release */ = {
			isa = XCBuildConfiguration;
			buildSettings = {
				ALWAYS_SEARCH_USER_PATHS = NO;
				CLANG_CXX_LANGUAGE_STANDARD = "gnu++0x";
				CLANG_CXX_LIBRARY = "libc++";
				CLANG_ENABLE_MODULES = YES;
				CLANG_ENABLE_OBJC_ARC = YES;
				CLANG_WARN_BOOL_CONVERSION = YES;
				CLANG_WARN_CONSTANT_CONVERSION = YES;
				CLANG_WARN_DIRECT_OBJC_ISA_USAGE = YES_ERROR;
				CLANG_WARN_EMPTY_BODY = YES;
				CLANG_WARN_ENUM_CONVERSION = YES;
				CLANG_WARN_INT_CONVERSION = YES;
				CLANG_WARN_OBJC_ROOT_CLASS = YES_ERROR;
				CLANG_WARN_UNREACHABLE_CODE = YES;
				CLANG_WARN__DUPLICATE_METHOD_MATCH = YES;
				CODE_SIGN_IDENTITY = "-";
				COPY_PHASE_STRIP = YES;
				DEBUG_INFORMATION_FORMAT = "dwarf-with-dsym";
				ENABLE_NS_ASSERTIONS = NO;
				ENABLE_STRICT_OBJC_MSGSEND = YES;
				GCC_C_LANGUAGE_STANDARD = gnu99;
				GCC_WARN_64_TO_32_BIT_CONVERSION = YES;
				GCC_WARN_ABOUT_RETURN_TYPE = YES_ERROR;
				GCC_WARN_UNDECLARED_SELECTOR = YES;
				GCC_WARN_UNINITIALIZED_AUTOS = YES_AGGRESSIVE;
				GCC_WARN_UNUSED_FUNCTION = YES;
				GCC_WARN_UNUSED_VARIABLE = YES;
				MACOSX_DEPLOYMENT_TARGET = 10.10;
				MTL_ENABLE_DEBUG_INFO = NO;
				SDKROOT = macosx;
			};
			name = Release;
		};
		5F9A6EEA1A416FBF001059CE /* Debug */ = {
			isa = XCBuildConfiguration;
			buildSettings = {
				ASSETCATALOG_COMPILER_APPICON_NAME = AppIcon;
				CODE_SIGN_IDENTITY = "Mac Developer";
				"CODE_SIGN_IDENTITY[sdk=macosx*]" = "Mac Developer";
				COMBINE_HIDPI_IMAGES = YES;
				INFOPLIST_FILE = Random/Info.plist;
				LD_RUNPATH_SEARCH_PATHS = "$(inherited) @executable_path/../Frameworks";
				PRODUCT_NAME = "$(TARGET_NAME)";
				PROVISIONING_PROFILE = "";
			};
			name = Debug;
		};
		5F9A6EEB1A416FBF001059CE /* Release */ = {
			isa = XCBuildConfiguration;
			buildSettings = {
				ASSETCATALOG_COMPILER_APPICON_NAME = AppIcon;
				CODE_SIGN_IDENTITY = "Mac Developer";
				"CODE_SIGN_IDENTITY[sdk=macosx*]" = "Mac Developer";
				COMBINE_HIDPI_IMAGES = YES;
				INFOPLIST_FILE = Random/Info.plist;
				LD_RUNPATH_SEARCH_PATHS = "$(inherited) @executable_path/../Frameworks";
				PRODUCT_NAME = "$(TARGET_NAME)";
				PROVISIONING_PROFILE = "";
			};
			name = Release;
		};
		5F9A6EED1A416FBF001059CE /* Debug */ = {
			isa = XCBuildConfiguration;
			buildSettings = {
				BUNDLE_LOADER = "$(TEST_HOST)";
				COMBINE_HIDPI_IMAGES = YES;
				FRAMEWORK_SEARCH_PATHS = (
					"$(DEVELOPER_FRAMEWORKS_DIR)",
					"$(inherited)",
				);
				GCC_PREPROCESSOR_DEFINITIONS = (
					"DEBUG=1",
					"$(inherited)",
				);
				INFOPLIST_FILE = RandomTests/Info.plist;
				LD_RUNPATH_SEARCH_PATHS = "$(inherited) @executable_path/../Frameworks @loader_path/../Frameworks";
				PRODUCT_NAME = "$(TARGET_NAME)";
				TEST_HOST = "$(BUILT_PRODUCTS_DIR)/Random.app/Contents/MacOS/Random";
			};
			name = Debug;
		};
		5F9A6EEE1A416FBF001059CE /* Release */ = {
			isa = XCBuildConfiguration;
			buildSettings = {
				BUNDLE_LOADER = "$(TEST_HOST)";
				COMBINE_HIDPI_IMAGES = YES;
				FRAMEWORK_SEARCH_PATHS = (
					"$(DEVELOPER_FRAMEWORKS_DIR)",
					"$(inherited)",
				);
				INFOPLIST_FILE = RandomTests/Info.plist;
				LD_RUNPATH_SEARCH_PATHS = "$(inherited) @executable_path/../Frameworks @loader_path/../Frameworks";
				PRODUCT_NAME = "$(TARGET_NAME)";
				TEST_HOST = "$(BUILT_PRODUCTS_DIR)/Random.app/Contents/MacOS/Random";
			};
			name = Release;
		};
/* End XCBuildConfiguration section */

/* Begin XCConfigurationList section */
		5F9A6EC71A416FBF001059CE /* Build configuration list for PBXProject "Random" */ = {
			isa = XCConfigurationList;
			buildConfigurations = (
				5F9A6EE71A416FBF001059CE /* Debug */,
				5F9A6EE81A416FBF001059CE /* Release */,
			);
			defaultConfigurationIsVisible = 0;
			defaultConfigurationName = Release;
		};
		5F9A6EE91A416FBF001059CE /* Build configuration list for PBXNativeTarget "Random" */ = {
			isa = XCConfigurationList;
			buildConfigurations = (
				5F9A6EEA1A416FBF001059CE /* Debug */,
				5F9A6EEB1A416FBF001059CE /* Release */,
			);
			defaultConfigurationIsVisible = 0;
		};
		5F9A6EEC1A416FBF001059CE /* Build configuration list for PBXNativeTarget "RandomTests" */ = {
			isa = XCConfigurationList;
			buildConfigurations = (
				5F9A6EED1A416FBF001059CE /* Debug */,
				5F9A6EEE1A416FBF001059CE /* Release */,
			);
			defaultConfigurationIsVisible = 0;
		};
/* End XCConfigurationList section */
	};
	rootObject = 5F9A6EC41A416FBF001059CE /* Project object */;
}
